
Microsoft Visual Studio Solution File, Format Version 12.00
# Visual Studio Version 17
VisualStudioVersion = 17.3.32804.467
MinimumVisualStudioVersion = 10.0.40219.1
Project("{FAE04EC0-301F-11D3-BF4B-00C04F79EFBC}") = "BankLibrary", "BankLibrary\BankLibrary.csproj", "{04BE7239-05D9-4FB6-B31D-AC4BAE5952E3}"
EndProject
Global
	GlobalSection(SolutionConfigurationPlatforms) = preSolution
		Debug|Any CPU = Debug|Any CPU
		Release|Any CPU = Release|Any CPU
	EndGlobalSection
	GlobalSection(ProjectConfigurationPlatforms) = postSolution
		{04BE7239-05D9-4FB6-B31D-AC4BAE5952E3}.Debug|Any CPU.ActiveCfg = Debug|Any CPU
		{04BE7239-05D9-4FB6-B31D-AC4BAE5952E3}.Debug|Any CPU.Build.0 = Debug|Any CPU
		{04BE7239-05D9-4FB6-B31D-AC4BAE5952E3}.Release|Any CPU.ActiveCfg = Release|Any CPU
		{04BE7239-05D9-4FB6-B31D-AC4BAE5952E3}.Release|Any CPU.Build.0 = Release|Any CPU
	EndGlobalSection
	GlobalSection(SolutionProperties) = preSolution
		HideSolutionNode = FALSE
	EndGlobalSection
	GlobalSection(ExtensibilityGlobals) = postSolution
		SolutionGuid = {4C6349EC-4841-46FF-82D3-B48F3A30D270}
	EndGlobalSection
EndGlobal
